
Microsoft Visual Studio Solution File, Format Version 12.00
# Visual Studio Version 17
VisualStudioVersion = 17.4.33110.190
MinimumVisualStudioVersion = 10.0.40219.1
Project("{9A19103F-16F7-4668-BE54-9A1E7A4F7556}") = "DoctorAppointments.API", "DoctorAppointments.API\DoctorAppointments.API.csproj", "{1DC54D1C-48EA-41EC-A4C3-261565AD6B8A}"
	ProjectSection(ProjectDependencies) = postProject
		{45892FAD-11E6-457E-A2A3-249C4834DEBE} = {45892FAD-11E6-457E-A2A3-249C4834DEBE}
	EndProjectSection
EndProject
Project("{2150E333-8FDC-42A3-9474-1A3956D46DE8}") = "src", "src", "{D96E5777-1DA6-4209-B954-69FB8AD02805}"
EndProject
Project("{2150E333-8FDC-42A3-9474-1A3956D46DE8}") = "tests", "tests", "{256CE7DD-3577-4254-8577-A0A7884B6A32}"
EndProject
Project("{9A19103F-16F7-4668-BE54-9A1E7A4F7556}") = "DoctorAppointments.Application", "DoctorAppointments.Business\DoctorAppointments.Application.csproj", "{45892FAD-11E6-457E-A2A3-249C4834DEBE}"
EndProject
Project("{9A19103F-16F7-4668-BE54-9A1E7A4F7556}") = "DoctorAppointments.DataAccess", "DoctorAppointments.DataAccess\DoctorAppointments.DataAccess.csproj", "{2D076F53-E5D1-4404-8ED6-24E2727CA618}"
EndProject
Project("{2150E333-8FDC-42A3-9474-1A3956D46DE8}") = "Unit", "Unit", "{BEA9E9E7-8EF4-478C-B39C-1F7FECA88826}"
EndProject
Project("{2150E333-8FDC-42A3-9474-1A3956D46DE8}") = "Integration", "Integration", "{4F307364-B3FA-4E8A-9E8A-072D34DF7C00}"
EndProject
Project("{9A19103F-16F7-4668-BE54-9A1E7A4F7556}") = "UserIntegrationTests", "UserIntegrationTests\UserIntegrationTests.csproj", "{EF1BCE82-0D80-42F9-AB1C-F683D91E4E84}"
	ProjectSection(ProjectDependencies) = postProject
		{1DC54D1C-48EA-41EC-A4C3-261565AD6B8A} = {1DC54D1C-48EA-41EC-A4C3-261565AD6B8A}
		{45892FAD-11E6-457E-A2A3-249C4834DEBE} = {45892FAD-11E6-457E-A2A3-249C4834DEBE}
	EndProjectSection
EndProject
Project("{9A19103F-16F7-4668-BE54-9A1E7A4F7556}") = "DoctorIntegrationTests", "DoctorIntegrationTests\DoctorIntegrationTests.csproj", "{88AB08E3-8C59-4917-96E4-8325B948B417}"
	ProjectSection(ProjectDependencies) = postProject
		{1DC54D1C-48EA-41EC-A4C3-261565AD6B8A} = {1DC54D1C-48EA-41EC-A4C3-261565AD6B8A}
	EndProjectSection
EndProject
Project("{9A19103F-16F7-4668-BE54-9A1E7A4F7556}") = "UserTests", "UserTests\UserTests.csproj", "{C110D8C6-4467-4B45-A87F-43627FC90C14}"
EndProject
Project("{9A19103F-16F7-4668-BE54-9A1E7A4F7556}") = "DoctorServiceTests", "DoctorServiceTests\DoctorServiceTests.csproj", "{575759C3-2E1B-4784-9960-7DA2956ED883}"
EndProject
Project("{9A19103F-16F7-4668-BE54-9A1E7A4F7556}") = "DoctorAppointment.Common", "DoctorAppointment.Common\DoctorAppointment.Common.csproj", "{1324A07B-FE5B-4853-B1CC-98EF31A487B9}"
EndProject
Project("{9A19103F-16F7-4668-BE54-9A1E7A4F7556}") = "PacientServiceTests", "PacientServiceTests\PacientServiceTests.csproj", "{9A566D33-CE68-443E-B389-FBC7213C118E}"
EndProject
Project("{9A19103F-16F7-4668-BE54-9A1E7A4F7556}") = "MedicationStockServiceTests", "MedicationStockServiceTests\MedicationStockServiceTests.csproj", "{0586D059-9A75-4497-836D-7E144F1B6DFB}"
EndProject
Project("{9A19103F-16F7-4668-BE54-9A1E7A4F7556}") = "MedicationStockIntegrationTests", "MedicationStockIntegrationTests\MedicationStockIntegrationTests.csproj", "{F552F743-CCD8-4340-A206-AE1BA7B30DD9}"
EndProject
Project("{9A19103F-16F7-4668-BE54-9A1E7A4F7556}") = "PacientIntegrationTests", "PacientIntegrationTests\PacientIntegrationTests.csproj", "{0C1A6190-8052-4D69-BF93-2D0CA5ED1E13}"
EndProject
Project("{9A19103F-16F7-4668-BE54-9A1E7A4F7556}") = "MedicalFacilityServiceTests", "MedicalFacilityServiceTests\MedicalFacilityServiceTests.csproj", "{7E3F9CE3-031C-4CE9-8C69-403C7F147625}"
EndProject
Project("{9A19103F-16F7-4668-BE54-9A1E7A4F7556}") = "MedicalFacilityIntegrationTests", "MedicalFacilityIntegrationTests\MedicalFacilityIntegrationTests.csproj", "{F8BD73A2-45AD-4083-9559-D7224F485B99}"
EndProject
Project("{9A19103F-16F7-4668-BE54-9A1E7A4F7556}") = "BillingServiceTests", "BillingServiceTests\BillingServiceTests.csproj", "{7AD10766-8B0C-48D1-B763-76FC2714809D}"
EndProject
Project("{9A19103F-16F7-4668-BE54-9A1E7A4F7556}") = "BillingIntegrationTests", "BillingIntegrationTests\BillingIntegrationTests.csproj", "{1D68BEEF-00E2-48B0-B3E0-C556107DD0F9}"
	ProjectSection(ProjectDependencies) = postProject
		{1DC54D1C-48EA-41EC-A4C3-261565AD6B8A} = {1DC54D1C-48EA-41EC-A4C3-261565AD6B8A}
	EndProjectSection
EndProject
Global
	GlobalSection(SolutionConfigurationPlatforms) = preSolution
		Debug|Any CPU = Debug|Any CPU
		Release|Any CPU = Release|Any CPU
	EndGlobalSection
	GlobalSection(ProjectConfigurationPlatforms) = postSolution
		{1DC54D1C-48EA-41EC-A4C3-261565AD6B8A}.Debug|Any CPU.ActiveCfg = Debug|Any CPU
		{1DC54D1C-48EA-41EC-A4C3-261565AD6B8A}.Debug|Any CPU.Build.0 = Debug|Any CPU
		{1DC54D1C-48EA-41EC-A4C3-261565AD6B8A}.Release|Any CPU.ActiveCfg = Release|Any CPU
		{1DC54D1C-48EA-41EC-A4C3-261565AD6B8A}.Release|Any CPU.Build.0 = Release|Any CPU
		{45892FAD-11E6-457E-A2A3-249C4834DEBE}.Debug|Any CPU.ActiveCfg = Debug|Any CPU
		{45892FAD-11E6-457E-A2A3-249C4834DEBE}.Debug|Any CPU.Build.0 = Debug|Any CPU
		{45892FAD-11E6-457E-A2A3-249C4834DEBE}.Release|Any CPU.ActiveCfg = Release|Any CPU
		{45892FAD-11E6-457E-A2A3-249C4834DEBE}.Release|Any CPU.Build.0 = Release|Any CPU
		{2D076F53-E5D1-4404-8ED6-24E2727CA618}.Debug|Any CPU.ActiveCfg = Debug|Any CPU
		{2D076F53-E5D1-4404-8ED6-24E2727CA618}.Debug|Any CPU.Build.0 = Debug|Any CPU
		{2D076F53-E5D1-4404-8ED6-24E2727CA618}.Release|Any CPU.ActiveCfg = Release|Any CPU
		{2D076F53-E5D1-4404-8ED6-24E2727CA618}.Release|Any CPU.Build.0 = Release|Any CPU
		{EF1BCE82-0D80-42F9-AB1C-F683D91E4E84}.Debug|Any CPU.ActiveCfg = Debug|Any CPU
		{EF1BCE82-0D80-42F9-AB1C-F683D91E4E84}.Debug|Any CPU.Build.0 = Debug|Any CPU
		{EF1BCE82-0D80-42F9-AB1C-F683D91E4E84}.Release|Any CPU.ActiveCfg = Release|Any CPU
		{EF1BCE82-0D80-42F9-AB1C-F683D91E4E84}.Release|Any CPU.Build.0 = Release|Any CPU
		{88AB08E3-8C59-4917-96E4-8325B948B417}.Debug|Any CPU.ActiveCfg = Debug|Any CPU
		{88AB08E3-8C59-4917-96E4-8325B948B417}.Debug|Any CPU.Build.0 = Debug|Any CPU
		{88AB08E3-8C59-4917-96E4-8325B948B417}.Release|Any CPU.ActiveCfg = Release|Any CPU
		{88AB08E3-8C59-4917-96E4-8325B948B417}.Release|Any CPU.Build.0 = Release|Any CPU
		{C110D8C6-4467-4B45-A87F-43627FC90C14}.Debug|Any CPU.ActiveCfg = Debug|Any CPU
		{C110D8C6-4467-4B45-A87F-43627FC90C14}.Debug|Any CPU.Build.0 = Debug|Any CPU
		{C110D8C6-4467-4B45-A87F-43627FC90C14}.Release|Any CPU.ActiveCfg = Release|Any CPU
		{C110D8C6-4467-4B45-A87F-43627FC90C14}.Release|Any CPU.Build.0 = Release|Any CPU
		{575759C3-2E1B-4784-9960-7DA2956ED883}.Debug|Any CPU.ActiveCfg = Debug|Any CPU
		{575759C3-2E1B-4784-9960-7DA2956ED883}.Debug|Any CPU.Build.0 = Debug|Any CPU
		{575759C3-2E1B-4784-9960-7DA2956ED883}.Release|Any CPU.ActiveCfg = Release|Any CPU
		{575759C3-2E1B-4784-9960-7DA2956ED883}.Release|Any CPU.Build.0 = Release|Any CPU
		{1324A07B-FE5B-4853-B1CC-98EF31A487B9}.Debug|Any CPU.ActiveCfg = Debug|Any CPU
		{1324A07B-FE5B-4853-B1CC-98EF31A487B9}.Debug|Any CPU.Build.0 = Debug|Any CPU
		{1324A07B-FE5B-4853-B1CC-98EF31A487B9}.Release|Any CPU.ActiveCfg = Release|Any CPU
		{1324A07B-FE5B-4853-B1CC-98EF31A487B9}.Release|Any CPU.Build.0 = Release|Any CPU
		{9A566D33-CE68-443E-B389-FBC7213C118E}.Debug|Any CPU.ActiveCfg = Debug|Any CPU
		{9A566D33-CE68-443E-B389-FBC7213C118E}.Debug|Any CPU.Build.0 = Debug|Any CPU
		{9A566D33-CE68-443E-B389-FBC7213C118E}.Release|Any CPU.ActiveCfg = Release|Any CPU
		{9A566D33-CE68-443E-B389-FBC7213C118E}.Release|Any CPU.Build.0 = Release|Any CPU
		{0586D059-9A75-4497-836D-7E144F1B6DFB}.Debug|Any CPU.ActiveCfg = Debug|Any CPU
		{0586D059-9A75-4497-836D-7E144F1B6DFB}.Debug|Any CPU.Build.0 = Debug|Any CPU
		{0586D059-9A75-4497-836D-7E144F1B6DFB}.Release|Any CPU.ActiveCfg = Release|Any CPU
		{0586D059-9A75-4497-836D-7E144F1B6DFB}.Release|Any CPU.Build.0 = Release|Any CPU
		{F552F743-CCD8-4340-A206-AE1BA7B30DD9}.Debug|Any CPU.ActiveCfg = Debug|Any CPU
		{F552F743-CCD8-4340-A206-AE1BA7B30DD9}.Debug|Any CPU.Build.0 = Debug|Any CPU
		{F552F743-CCD8-4340-A206-AE1BA7B30DD9}.Release|Any CPU.ActiveCfg = Release|Any CPU
		{F552F743-CCD8-4340-A206-AE1BA7B30DD9}.Release|Any CPU.Build.0 = Release|Any CPU
		{0C1A6190-8052-4D69-BF93-2D0CA5ED1E13}.Debug|Any CPU.ActiveCfg = Debug|Any CPU
		{0C1A6190-8052-4D69-BF93-2D0CA5ED1E13}.Debug|Any CPU.Build.0 = Debug|Any CPU
		{0C1A6190-8052-4D69-BF93-2D0CA5ED1E13}.Release|Any CPU.ActiveCfg = Release|Any CPU
		{0C1A6190-8052-4D69-BF93-2D0CA5ED1E13}.Release|Any CPU.Build.0 = Release|Any CPU
		{7E3F9CE3-031C-4CE9-8C69-403C7F147625}.Debug|Any CPU.ActiveCfg = Debug|Any CPU
		{7E3F9CE3-031C-4CE9-8C69-403C7F147625}.Debug|Any CPU.Build.0 = Debug|Any CPU
		{7E3F9CE3-031C-4CE9-8C69-403C7F147625}.Release|Any CPU.ActiveCfg = Release|Any CPU
		{7E3F9CE3-031C-4CE9-8C69-403C7F147625}.Release|Any CPU.Build.0 = Release|Any CPU
		{F8BD73A2-45AD-4083-9559-D7224F485B99}.Debug|Any CPU.ActiveCfg = Debug|Any CPU
		{F8BD73A2-45AD-4083-9559-D7224F485B99}.Debug|Any CPU.Build.0 = Debug|Any CPU
		{F8BD73A2-45AD-4083-9559-D7224F485B99}.Release|Any CPU.ActiveCfg = Release|Any CPU
		{F8BD73A2-45AD-4083-9559-D7224F485B99}.Release|Any CPU.Build.0 = Release|Any CPU
		{7AD10766-8B0C-48D1-B763-76FC2714809D}.Debug|Any CPU.ActiveCfg = Debug|Any CPU
		{7AD10766-8B0C-48D1-B763-76FC2714809D}.Debug|Any CPU.Build.0 = Debug|Any CPU
		{7AD10766-8B0C-48D1-B763-76FC2714809D}.Release|Any CPU.ActiveCfg = Release|Any CPU
		{7AD10766-8B0C-48D1-B763-76FC2714809D}.Release|Any CPU.Build.0 = Release|Any CPU
		{1D68BEEF-00E2-48B0-B3E0-C556107DD0F9}.Debug|Any CPU.ActiveCfg = Debug|Any CPU
		{1D68BEEF-00E2-48B0-B3E0-C556107DD0F9}.Debug|Any CPU.Build.0 = Debug|Any CPU
		{1D68BEEF-00E2-48B0-B3E0-C556107DD0F9}.Release|Any CPU.ActiveCfg = Release|Any CPU
		{1D68BEEF-00E2-48B0-B3E0-C556107DD0F9}.Release|Any CPU.Build.0 = Release|Any CPU
	EndGlobalSection
	GlobalSection(SolutionProperties) = preSolution
		HideSolutionNode = FALSE
	EndGlobalSection
	GlobalSection(NestedProjects) = preSolution
		{1DC54D1C-48EA-41EC-A4C3-261565AD6B8A} = {D96E5777-1DA6-4209-B954-69FB8AD02805}
		{45892FAD-11E6-457E-A2A3-249C4834DEBE} = {D96E5777-1DA6-4209-B954-69FB8AD02805}
		{2D076F53-E5D1-4404-8ED6-24E2727CA618} = {D96E5777-1DA6-4209-B954-69FB8AD02805}
		{BEA9E9E7-8EF4-478C-B39C-1F7FECA88826} = {256CE7DD-3577-4254-8577-A0A7884B6A32}
		{4F307364-B3FA-4E8A-9E8A-072D34DF7C00} = {256CE7DD-3577-4254-8577-A0A7884B6A32}
		{EF1BCE82-0D80-42F9-AB1C-F683D91E4E84} = {4F307364-B3FA-4E8A-9E8A-072D34DF7C00}
		{88AB08E3-8C59-4917-96E4-8325B948B417} = {4F307364-B3FA-4E8A-9E8A-072D34DF7C00}
		{C110D8C6-4467-4B45-A87F-43627FC90C14} = {BEA9E9E7-8EF4-478C-B39C-1F7FECA88826}
		{575759C3-2E1B-4784-9960-7DA2956ED883} = {BEA9E9E7-8EF4-478C-B39C-1F7FECA88826}
		{1324A07B-FE5B-4853-B1CC-98EF31A487B9} = {D96E5777-1DA6-4209-B954-69FB8AD02805}
		{9A566D33-CE68-443E-B389-FBC7213C118E} = {BEA9E9E7-8EF4-478C-B39C-1F7FECA88826}
		{0586D059-9A75-4497-836D-7E144F1B6DFB} = {BEA9E9E7-8EF4-478C-B39C-1F7FECA88826}
		{F552F743-CCD8-4340-A206-AE1BA7B30DD9} = {4F307364-B3FA-4E8A-9E8A-072D34DF7C00}
		{0C1A6190-8052-4D69-BF93-2D0CA5ED1E13} = {4F307364-B3FA-4E8A-9E8A-072D34DF7C00}
		{7E3F9CE3-031C-4CE9-8C69-403C7F147625} = {BEA9E9E7-8EF4-478C-B39C-1F7FECA88826}
		{F8BD73A2-45AD-4083-9559-D7224F485B99} = {4F307364-B3FA-4E8A-9E8A-072D34DF7C00}
		{7AD10766-8B0C-48D1-B763-76FC2714809D} = {BEA9E9E7-8EF4-478C-B39C-1F7FECA88826}
		{1D68BEEF-00E2-48B0-B3E0-C556107DD0F9} = {4F307364-B3FA-4E8A-9E8A-072D34DF7C00}
	EndGlobalSection
	GlobalSection(ExtensibilityGlobals) = postSolution
		SolutionGuid = {B0153E2D-8B51-446B-8538-F0332596C069}
	EndGlobalSection
EndGlobal
